// !$*UTF8*$!
{
	archiveVersion = 1;
	classes = {
	};
	objectVersion = 46;
	objects = {

/* Begin PBXBuildFile section */
		A102BF5A1C9AA6AE0087DAD7 /* AppDelegate.swift in Sources */ = {isa = PBXBuildFile; fileRef = A102BF591C9AA6AE0087DAD7 /* AppDelegate.swift */; };
		A102BF5C1C9AA6AE0087DAD7 /* ViewController.swift in Sources */ = {isa = PBXBuildFile; fileRef = A102BF5B1C9AA6AE0087DAD7 /* ViewController.swift */; };
		A102BF5F1C9AA6AE0087DAD7 /* Main.storyboard in Resources */ = {isa = PBXBuildFile; fileRef = A102BF5D1C9AA6AE0087DAD7 /* Main.storyboard */; };
		A102BF611C9AA6AE0087DAD7 /* Assets.xcassets in Resources */ = {isa = PBXBuildFile; fileRef = A102BF601C9AA6AE0087DAD7 /* Assets.xcassets */; };
		A102BF641C9AA6AE0087DAD7 /* LaunchScreen.storyboard in Resources */ = {isa = PBXBuildFile; fileRef = A102BF621C9AA6AE0087DAD7 /* LaunchScreen.storyboard */; };
/* End PBXBuildFile section */

/* Begin PBXFileReference section */
		A102BF561C9AA6AE0087DAD7 /* Super Cool.app */ = {isa = PBXFileReference; explicitFileType = wrapper.application; includeInIndex = 0; path = "Super Cool.app"; sourceTree = BUILT_PRODUCTS_DIR; };
		A102BF591C9AA6AE0087DAD7 /* AppDelegate.swift */ = {isa = PBXFileReference; lastKnownFileType = sourcecode.swift; path = AppDelegate.swift; sourceTree = "<group>"; };
		A102BF5B1C9AA6AE0087DAD7 /* ViewController.swift */ = {isa = PBXFileReference; lastKnownFileType = sourcecode.swift; path = ViewController.swift; sourceTree = "<group>"; };
		A102BF5E1C9AA6AE0087DAD7 /* Base */ = {isa = PBXFileReference; lastKnownFileType = file.storyboard; name = Base; path = Base.lproj/Main.storyboard; sourceTree = "<group>"; };
		A102BF601C9AA6AE0087DAD7 /* Assets.xcassets */ = {isa = PBXFileReference; lastKnownFileType = folder.assetcatalog; path = Assets.xcassets; sourceTree = "<group>"; };
		A102BF631C9AA6AE0087DAD7 /* Base */ = {isa = PBXFileReference; lastKnownFileType = file.storyboard; name = Base; path = Base.lproj/LaunchScreen.storyboard; sourceTree = "<group>"; };
		A102BF651C9AA6AE0087DAD7 /* Info.plist */ = {isa = PBXFileReference; lastKnownFileType = text.plist.xml; path = Info.plist; sourceTree = "<group>"; };
/* End PBXFileReference section */

/* Begin PBXFrameworksBuildPhase section */
		A102BF531C9AA6AD0087DAD7 /* Frameworks */ = {
			isa = PBXFrameworksBuildPhase;
			buildActionMask = 2147483647;
			files = (
			);
			runOnlyForDeploymentPostprocessing = 0;
		};
/* End PBXFrameworksBuildPhase section */

/* Begin PBXGroup section */
		A102BF4D1C9AA6AD0087DAD7 = {
			isa = PBXGroup;
			children = (
				A102BF581C9AA6AE0087DAD7 /* Super Cool */,
				A102BF571C9AA6AE0087DAD7 /* Products */,
			);
			sourceTree = "<group>";
		};
		A102BF571C9AA6AE0087DAD7 /* Products */ = {
			isa = PBXGroup;
			children = (
				A102BF561C9AA6AE0087DAD7 /* Super Cool.app */,
			);
			name = Products;
			sourceTree = "<group>";
		};
		A102BF581C9AA6AE0087DAD7 /* Super Cool */ = {
			isa = PBXGroup;
			children = (
				A102BF591C9AA6AE0087DAD7 /* AppDelegate.swift */,
				A102BF5B1C9AA6AE0087DAD7 /* ViewController.swift */,
				A102BF5D1C9AA6AE0087DAD7 /* Main.storyboard */,
				A102BF601C9AA6AE0087DAD7 /* Assets.xcassets */,
				A102BF621C9AA6AE0087DAD7 /* LaunchScreen.storyboard */,
				A102BF651C9AA6AE0087DAD7 /* Info.plist */,
			);
			path = "Super Cool";
			sourceTree = "<group>";
		};
/* End PBXGroup section */

/* Begin PBXNativeTarget section */
		A102BF551C9AA6AD0087DAD7 /* Super Cool */ = {
			isa = PBXNativeTarget;
			buildConfigurationList = A102BF681C9AA6AE0087DAD7 /* Build configuration list for PBXNativeTarget "Super Cool" */;
			buildPhases = (
				A102BF521C9AA6AD0087DAD7 /* Sources */,
				A102BF531C9AA6AD0087DAD7 /* Frameworks */,
				A102BF541C9AA6AD0087DAD7 /* Resources */,
			);
			buildRules = (
			);
			dependencies = (
			);
			name = "Super Cool";
			productName = "Super Cool";
			productReference = A102BF561C9AA6AE0087DAD7 /* Super Cool.app */;
			productType = "com.apple.product-type.application";
		};
/* End PBXNativeTarget section */

/* Begin PBXProject section */
		A102BF4E1C9AA6AD0087DAD7 /* Project object */ = {
			isa = PBXProject;
			attributes = {
				LastSwiftUpdateCheck = 0720;
				LastUpgradeCheck = 0720;
				ORGANIZATIONNAME = PartyPass;
				TargetAttributes = {
					A102BF551C9AA6AD0087DAD7 = {
						CreatedOnToolsVersion = 7.2.1;
					};
				};
			};
			buildConfigurationList = A102BF511C9AA6AD0087DAD7 /* Build configuration list for PBXProject "Super Cool" */;
			compatibilityVersion = "Xcode 3.2";
			developmentRegion = English;
			hasScannedForEncodings = 0;
			knownRegions = (
				en,
				Base,
			);
			mainGroup = A102BF4D1C9AA6AD0087DAD7;
			productRefGroup = A102BF571C9AA6AE0087DAD7 /* Products */;
			projectDirPath = "";
			projectRoot = "";
			targets = (
				A102BF551C9AA6AD0087DAD7 /* Super Cool */,
			);
		};
/* End PBXProject section */

/* Begin PBXResourcesBuildPhase section */
		A102BF541C9AA6AD0087DAD7 /* Resources */ = {
			isa = PBXResourcesBuildPhase;
			buildActionMask = 2147483647;
			files = (
				A102BF641C9AA6AE0087DAD7 /* LaunchScreen.storyboard in Resources */,
				A102BF611C9AA6AE0087DAD7 /* Assets.xcassets in Resources */,
				A102BF5F1C9AA6AE0087DAD7 /* Main.storyboard in Resources */,
			);
			runOnlyForDeploymentPostprocessing = 0;
		};
/* End PBXResourcesBuildPhase section */

/* Begin PBXSourcesBuildPhase section */
		A102BF521C9AA6AD0087DAD7 /* Sources */ = {
			isa = PBXSourcesBuildPhase;
			buildActionMask = 2147483647;
			files = (
				A102BF5C1C9AA6AE0087DAD7 /* ViewController.swift in Sources */,
				A102BF5A1C9AA6AE0087DAD7 /* AppDelegate.swift in Sources */,
			);
			runOnlyForDeploymentPostprocessing = 0;
		};
/* End PBXSourcesBuildPhase section */

/* Begin PBXVariantGroup section */
		A102BF5D1C9AA6AE0087DAD7 /* Main.storyboard */ = {
			isa = PBXVariantGroup;
			children = (
				A102BF5E1C9AA6AE0087DAD7 /* Base */,
			);
			name = Main.storyboard;
			sourceTree = "<group>";
		};
		A102BF621C9AA6AE0087DAD7 /* LaunchScreen.storyboard */ = {
			isa = PBXVariantGroup;
			children = (
				A102BF631C9AA6AE0087DAD7 /* Base */,
			);
			name = LaunchScreen.storyboard;
			sourceTree = "<group>";
		};
/* End PBXVariantGroup section */

/* Begin XCBuildConfiguration section */
		A102BF661C9AA6AE0087DAD7 /* Debug */ = {
			isa = XCBuildConfiguration;
			buildSettings = {
				ALWAYS_SEARCH_USER_PATHS = NO;
				CLANG_CXX_LANGUAGE_STANDARD = "gnu++0x";
				CLANG_CXX_LIBRARY = "libc++";
				CLANG_ENABLE_MODULES = YES;
				CLANG_ENABLE_OBJC_ARC = YES;
				CLANG_WARN_BOOL_CONVERSION = YES;
				CLANG_WARN_CONSTANT_CONVERSION = YES;
				CLANG_WARN_DIRECT_OBJC_ISA_USAGE = YES_ERROR;
				CLANG_WARN_EMPTY_BODY = YES;
				CLANG_WARN_ENUM_CONVERSION = YES;
				CLANG_WARN_INT_CONVERSION = YES;
				CLANG_WARN_OBJC_ROOT_CLASS = YES_ERROR;
				CLANG_WARN_UNREACHABLE_CODE = YES;
				CLANG_WARN__DUPLICATE_METHOD_MATCH = YES;
				"CODE_SIGN_IDENTITY[sdk=iphoneos*]" = "iPhone Developer";
				COPY_PHASE_STRIP = NO;
				DEBUG_INFORMATION_FORMAT = dwarf;
				ENABLE_STRICT_OBJC_MSGSEND = YES;
				ENABLE_TESTABILITY = YES;
				GCC_C_LANGUAGE_STANDARD = gnu99;
				GCC_DYNAMIC_NO_PIC = NO;
				GCC_NO_COMMON_BLOCKS = YES;
				GCC_OPTIMIZATION_LEVEL = 0;
				GCC_PREPROCESSOR_DEFINITIONS = (
					"DEBUG=1",
					"$(inherited)",
				);
				GCC_WARN_64_TO_32_BIT_CONVERSION = YES;
				GCC_WARN_ABOUT_RETURN_TYPE = YES_ERROR;
				GCC_WARN_UNDECLARED_SELECTOR = YES;
				GCC_WARN_UNINITIALIZED_AUTOS = YES_AGGRESSIVE;
				GCC_WARN_UNUSED_FUNCTION = YES;
				GCC_WARN_UNUSED_VARIABLE = YES;
				IPHONEOS_DEPLOYMENT_TARGET = 9.2;
				MTL_ENABLE_DEBUG_INFO = YES;
				ONLY_ACTIVE_ARCH = YES;
				SDKROOT = iphoneos;
				SWIFT_OPTIMIZATION_LEVEL = "-Onone";
			};
			name = Debug;
		};
		A102BF671C9AA6AE0087DAD7 /* Release */ = {
			isa = XCBuildConfiguration;
			buildSettings = {
				ALWAYS_SEARCH_USER_PATHS = NO;
				CLANG_CXX_LANGUAGE_STANDARD = "gnu++0x";
				CLANG_CXX_LIBRARY = "libc++";
				CLANG_ENABLE_MODULES = YES;
				CLANG_ENABLE_OBJC_ARC = YES;
				CLANG_WARN_BOOL_CONVERSION = YES;
				CLANG_WARN_CONSTANT_CONVERSION = YES;
				CLANG_WARN_DIRECT_OBJC_ISA_USAGE = YES_ERROR;
				CLANG_WARN_EMPTY_BODY = YES;
				CLANG_WARN_ENUM_CONVERSION = YES;
				CLANG_WARN_INT_CONVERSION = YES;
				CLANG_WARN_OBJC_ROOT_CLASS = YES_ERROR;
				CLANG_WARN_UNREACHABLE_CODE = YES;
				CLANG_WARN__DUPLICATE_METHOD_MATCH = YES;
				"CODE_SIGN_IDENTITY[sdk=iphoneos*]" = "iPhone Developer";
				COPY_PHASE_STRIP = NO;
				DEBUG_INFORMATION_FORMAT = "dwarf-with-dsym";
				ENABLE_NS_ASSERTIONS = NO;
				ENABLE_STRICT_OBJC_MSGSEND = YES;
				GCC_C_LANGUAGE_STANDARD = gnu99;
				GCC_NO_COMMON_BLOCKS = YES;
				GCC_WARN_64_TO_32_BIT_CONVERSION = YES;
				GCC_WARN_ABOUT_RETURN_TYPE = YES_ERROR;
				GCC_WARN_UNDECLARED_SELECTOR = YES;
				GCC_WARN_UNINITIALIZED_AUTOS = YES_AGGRESSIVE;
				GCC_WARN_UNUSED_FUNCTION = YES;
				GCC_WARN_UNUSED_VARIABLE = YES;
				IPHONEOS_DEPLOYMENT_TARGET = 9.2;
				MTL_ENABLE_DEBUG_INFO = NO;
				SDKROOT = iphoneos;
				VALIDATE_PRODUCT = YES;
			};
			name = Release;
		};
		A102BF691C9AA6AE0087DAD7 /* Debug */ = {
			isa = XCBuildConfiguration;
			buildSettings = {
				ASSETCATALOG_COMPILER_APPICON_NAME = AppIcon;
				INFOPLIST_FILE = "Super Cool/Info.plist";
				LD_RUNPATH_SEARCH_PATHS = "$(inherited) @executable_path/Frameworks";
				PRODUCT_BUNDLE_IDENTIFIER = "com.partypass.Super-Cool";
				PRODUCT_NAME = "$(TARGET_NAME)";
			};
			name = Debug;
		};
		A102BF6A1C9AA6AE0087DAD7 /* Release */ = {
			isa = XCBuildConfiguration;
			buildSettings = {
				ASSETCATALOG_COMPILER_APPICON_NAME = AppIcon;
				INFOPLIST_FILE = "Super Cool/Info.plist";
				LD_RUNPATH_SEARCH_PATHS = "$(inherited) @executable_path/Frameworks";
				PRODUCT_BUNDLE_IDENTIFIER = "com.partypass.Super-Cool";
				PRODUCT_NAME = "$(TARGET_NAME)";
			};
			name = Release;
		};
/* End XCBuildConfiguration section */

/* Begin XCConfigurationList section */
		A102BF511C9AA6AD0087DAD7 /* Build configuration list for PBXProject "Super Cool" */ = {
			isa = XCConfigurationList;
			buildConfigurations = (
				A102BF661C9AA6AE0087DAD7 /* Debug */,
				A102BF671C9AA6AE0087DAD7 /* Release */,
			);
			defaultConfigurationIsVisible = 0;
			defaultConfigurationName = Release;
		};
		A102BF681C9AA6AE0087DAD7 /* Build configuration list for PBXNativeTarget "Super Cool" */ = {
			isa = XCConfigurationList;
			buildConfigurations = (
				A102BF691C9AA6AE0087DAD7 /* Debug */,
				A102BF6A1C9AA6AE0087DAD7 /* Release */,
			);
			defaultConfigurationIsVisible = 0;
		};
/* End XCConfigurationList section */
	};
	rootObject = A102BF4E1C9AA6AD0087DAD7 /* Project object */;
}
